// !$*UTF8*$!
{
	archiveVersion = 1;
	classes = {
	};
	objectVersion = 46;
	objects = {

/* Begin PBXBuildFile section */
		8F6B11A91EC2A1930089177F /* main.m in Sources */ = {isa = PBXBuildFile; fileRef = 8F6B11A81EC2A1930089177F /* main.m */; };
		8F6B11AC1EC2A1930089177F /* AppDelegate.m in Sources */ = {isa = PBXBuildFile; fileRef = 8F6B11AB1EC2A1930089177F /* AppDelegate.m */; };
		8F6B11AF1EC2A1930089177F /* ViewController.m in Sources */ = {isa = PBXBuildFile; fileRef = 8F6B11AE1EC2A1930089177F /* ViewController.m */; };
		8F6B11B21EC2A1930089177F /* Main.storyboard in Resources */ = {isa = PBXBuildFile; fileRef = 8F6B11B01EC2A1930089177F /* Main.storyboard */; };
		8F6B11B41EC2A1930089177F /* Assets.xcassets in Resources */ = {isa = PBXBuildFile; fileRef = 8F6B11B31EC2A1930089177F /* Assets.xcassets */; };
		8F6B11B71EC2A1930089177F /* LaunchScreen.storyboard in Resources */ = {isa = PBXBuildFile; fileRef = 8F6B11B51EC2A1930089177F /* LaunchScreen.storyboard */; };
		8F6B11C21EC2A1930089177F /* XRHWaveViewTests.m in Sources */ = {isa = PBXBuildFile; fileRef = 8F6B11C11EC2A1930089177F /* XRHWaveViewTests.m */; };
		8F6B11CD1EC2A1930089177F /* XRHWaveViewUITests.m in Sources */ = {isa = PBXBuildFile; fileRef = 8F6B11CC1EC2A1930089177F /* XRHWaveViewUITests.m */; };
		8F6B11DC1EC2A1C30089177F /* WaveView.m in Sources */ = {isa = PBXBuildFile; fileRef = 8F6B11DB1EC2A1C30089177F /* WaveView.m */; };
/* End PBXBuildFile section */

/* Begin PBXContainerItemProxy section */
		8F6B11BE1EC2A1930089177F /* PBXContainerItemProxy */ = {
			isa = PBXContainerItemProxy;
			containerPortal = 8F6B119C1EC2A1930089177F /* Project object */;
			proxyType = 1;
			remoteGlobalIDString = 8F6B11A31EC2A1930089177F;
			remoteInfo = XRHWaveView;
		};
		8F6B11C91EC2A1930089177F /* PBXContainerItemProxy */ = {
			isa = PBXContainerItemProxy;
			containerPortal = 8F6B119C1EC2A1930089177F /* Project object */;
			proxyType = 1;
			remoteGlobalIDString = 8F6B11A31EC2A1930089177F;
			remoteInfo = XRHWaveView;
		};
/* End PBXContainerItemProxy section */

/* Begin PBXFileReference section */
		8F6B11A41EC2A1930089177F /* XRHWaveView.app */ = {isa = PBXFileReference; explicitFileType = wrapper.application; includeInIndex = 0; path = XRHWaveView.app; sourceTree = BUILT_PRODUCTS_DIR; };
		8F6B11A81EC2A1930089177F /* main.m */ = {isa = PBXFileReference; lastKnownFileType = sourcecode.c.objc; path = main.m; sourceTree = "<group>"; };
		8F6B11AA1EC2A1930089177F /* AppDelegate.h */ = {isa = PBXFileReference; lastKnownFileType = sourcecode.c.h; path = AppDelegate.h; sourceTree = "<group>"; };
		8F6B11AB1EC2A1930089177F /* AppDelegate.m */ = {isa = PBXFileReference; lastKnownFileType = sourcecode.c.objc; path = AppDelegate.m; sourceTree = "<group>"; };
		8F6B11AD1EC2A1930089177F /* ViewController.h */ = {isa = PBXFileReference; lastKnownFileType = sourcecode.c.h; path = ViewController.h; sourceTree = "<group>"; };
		8F6B11AE1EC2A1930089177F /* ViewController.m */ = {isa = PBXFileReference; lastKnownFileType = sourcecode.c.objc; path = ViewController.m; sourceTree = "<group>"; };
		8F6B11B11EC2A1930089177F /* Base */ = {isa = PBXFileReference; lastKnownFileType = file.storyboard; name = Base; path = Base.lproj/Main.storyboard; sourceTree = "<group>"; };
		8F6B11B31EC2A1930089177F /* Assets.xcassets */ = {isa = PBXFileReference; lastKnownFileType = folder.assetcatalog; path = Assets.xcassets; sourceTree = "<group>"; };
		8F6B11B61EC2A1930089177F /* Base */ = {isa = PBXFileReference; lastKnownFileType = file.storyboard; name = Base; path = Base.lproj/LaunchScreen.storyboard; sourceTree = "<group>"; };
		8F6B11B81EC2A1930089177F /* Info.plist */ = {isa = PBXFileReference; lastKnownFileType = text.plist.xml; path = Info.plist; sourceTree = "<group>"; };
		8F6B11BD1EC2A1930089177F /* XRHWaveViewTests.xctest */ = {isa = PBXFileReference; explicitFileType = wrapper.cfbundle; includeInIndex = 0; path = XRHWaveViewTests.xctest; sourceTree = BUILT_PRODUCTS_DIR; };
		8F6B11C11EC2A1930089177F /* XRHWaveViewTests.m */ = {isa = PBXFileReference; lastKnownFileType = sourcecode.c.objc; path = XRHWaveViewTests.m; sourceTree = "<group>"; };
		8F6B11C31EC2A1930089177F /* Info.plist */ = {isa = PBXFileReference; lastKnownFileType = text.plist.xml; path = Info.plist; sourceTree = "<group>"; };
		8F6B11C81EC2A1930089177F /* XRHWaveViewUITests.xctest */ = {isa = PBXFileReference; explicitFileType = wrapper.cfbundle; includeInIndex = 0; path = XRHWaveViewUITests.xctest; sourceTree = BUILT_PRODUCTS_DIR; };
		8F6B11CC1EC2A1930089177F /* XRHWaveViewUITests.m */ = {isa = PBXFileReference; lastKnownFileType = sourcecode.c.objc; path = XRHWaveViewUITests.m; sourceTree = "<group>"; };
		8F6B11CE1EC2A1930089177F /* Info.plist */ = {isa = PBXFileReference; lastKnownFileType = text.plist.xml; path = Info.plist; sourceTree = "<group>"; };
		8F6B11DA1EC2A1C30089177F /* WaveView.h */ = {isa = PBXFileReference; fileEncoding = 4; lastKnownFileType = sourcecode.c.h; path = WaveView.h; sourceTree = "<group>"; };
		8F6B11DB1EC2A1C30089177F /* WaveView.m */ = {isa = PBXFileReference; fileEncoding = 4; lastKnownFileType = sourcecode.c.objc; path = WaveView.m; sourceTree = "<group>"; };
/* End PBXFileReference section */

/* Begin PBXFrameworksBuildPhase section */
		8F6B11A11EC2A1930089177F /* Frameworks */ = {
			isa = PBXFrameworksBuildPhase;
			buildActionMask = 2147483647;
			files = (
			);
			runOnlyForDeploymentPostprocessing = 0;
		};
		8F6B11BA1EC2A1930089177F /* Frameworks */ = {
			isa = PBXFrameworksBuildPhase;
			buildActionMask = 2147483647;
			files = (
			);
			runOnlyForDeploymentPostprocessing = 0;
		};
		8F6B11C51EC2A1930089177F /* Frameworks */ = {
			isa = PBXFrameworksBuildPhase;
			buildActionMask = 2147483647;
			files = (
			);
			runOnlyForDeploymentPostprocessing = 0;
		};
/* End PBXFrameworksBuildPhase section */

/* Begin PBXGroup section */
		8F6B119B1EC2A1930089177F = {
			isa = PBXGroup;
			children = (
				8F6B11A61EC2A1930089177F /* XRHWaveView */,
				8F6B11C01EC2A1930089177F /* XRHWaveViewTests */,
				8F6B11CB1EC2A1930089177F /* XRHWaveViewUITests */,
				8F6B11A51EC2A1930089177F /* Products */,
			);
			sourceTree = "<group>";
		};
		8F6B11A51EC2A1930089177F /* Products */ = {
			isa = PBXGroup;
			children = (
				8F6B11A41EC2A1930089177F /* XRHWaveView.app */,
				8F6B11BD1EC2A1930089177F /* XRHWaveViewTests.xctest */,
				8F6B11C81EC2A1930089177F /* XRHWaveViewUITests.xctest */,
			);
			name = Products;
			sourceTree = "<group>";
		};
		8F6B11A61EC2A1930089177F /* XRHWaveView */ = {
			isa = PBXGroup;
			children = (
				8F6B11AA1EC2A1930089177F /* AppDelegate.h */,
				8F6B11AB1EC2A1930089177F /* AppDelegate.m */,
				8F6B11AD1EC2A1930089177F /* ViewController.h */,
				8F6B11AE1EC2A1930089177F /* ViewController.m */,
				8F6B11B01EC2A1930089177F /* Main.storyboard */,
				8F6B11B31EC2A1930089177F /* Assets.xcassets */,
				8F6B11B51EC2A1930089177F /* LaunchScreen.storyboard */,
				8F6B11B81EC2A1930089177F /* Info.plist */,
				8F6B11A71EC2A1930089177F /* Supporting Files */,
				8F6B11DA1EC2A1C30089177F /* WaveView.h */,
				8F6B11DB1EC2A1C30089177F /* WaveView.m */,
			);
			path = XRHWaveView;
			sourceTree = "<group>";
		};
		8F6B11A71EC2A1930089177F /* Supporting Files */ = {
			isa = PBXGroup;
			children = (
				8F6B11A81EC2A1930089177F /* main.m */,
			);
			name = "Supporting Files";
			sourceTree = "<group>";
		};
		8F6B11C01EC2A1930089177F /* XRHWaveViewTests */ = {
			isa = PBXGroup;
			children = (
				8F6B11C11EC2A1930089177F /* XRHWaveViewTests.m */,
				8F6B11C31EC2A1930089177F /* Info.plist */,
			);
			path = XRHWaveViewTests;
			sourceTree = "<group>";
		};
		8F6B11CB1EC2A1930089177F /* XRHWaveViewUITests */ = {
			isa = PBXGroup;
			children = (
				8F6B11CC1EC2A1930089177F /* XRHWaveViewUITests.m */,
				8F6B11CE1EC2A1930089177F /* Info.plist */,
			);
			path = XRHWaveViewUITests;
			sourceTree = "<group>";
		};
/* End PBXGroup section */

/* Begin PBXNativeTarget section */
		8F6B11A31EC2A1930089177F /* XRHWaveView */ = {
			isa = PBXNativeTarget;
			buildConfigurationList = 8F6B11D11EC2A1930089177F /* Build configuration list for PBXNativeTarget "XRHWaveView" */;
			buildPhases = (
				8F6B11A01EC2A1930089177F /* Sources */,
				8F6B11A11EC2A1930089177F /* Frameworks */,
				8F6B11A21EC2A1930089177F /* Resources */,
			);
			buildRules = (
			);
			dependencies = (
			);
			name = XRHWaveView;
			productName = XRHWaveView;
			productReference = 8F6B11A41EC2A1930089177F /* XRHWaveView.app */;
			productType = "com.apple.product-type.application";
		};
		8F6B11BC1EC2A1930089177F /* XRHWaveViewTests */ = {
			isa = PBXNativeTarget;
			buildConfigurationList = 8F6B11D41EC2A1930089177F /* Build configuration list for PBXNativeTarget "XRHWaveViewTests" */;
			buildPhases = (
				8F6B11B91EC2A1930089177F /* Sources */,
				8F6B11BA1EC2A1930089177F /* Frameworks */,
				8F6B11BB1EC2A1930089177F /* Resources */,
			);
			buildRules = (
			);
			dependencies = (
				8F6B11BF1EC2A1930089177F /* PBXTargetDependency */,
			);
			name = XRHWaveViewTests;
			productName = XRHWaveViewTests;
			productReference = 8F6B11BD1EC2A1930089177F /* XRHWaveViewTests.xctest */;
			productType = "com.apple.product-type.bundle.unit-test";
		};
		8F6B11C71EC2A1930089177F /* XRHWaveViewUITests */ = {
			isa = PBXNativeTarget;
			buildConfigurationList = 8F6B11D71EC2A1930089177F /* Build configuration list for PBXNativeTarget "XRHWaveViewUITests" */;
			buildPhases = (
				8F6B11C41EC2A1930089177F /* Sources */,
				8F6B11C51EC2A1930089177F /* Frameworks */,
				8F6B11C61EC2A1930089177F /* Resources */,
			);
			buildRules = (
			);
			dependencies = (
				8F6B11CA1EC2A1930089177F /* PBXTargetDependency */,
			);
			name = XRHWaveViewUITests;
			productName = XRHWaveViewUITests;
			productReference = 8F6B11C81EC2A1930089177F /* XRHWaveViewUITests.xctest */;
			productType = "com.apple.product-type.bundle.ui-testing";
		};
/* End PBXNativeTarget section */

/* Begin PBXProject section */
		8F6B119C1EC2A1930089177F /* Project object */ = {
			isa = PBXProject;
			attributes = {
				LastUpgradeCheck = 0830;
				ORGANIZATIONNAME = xiangronghua;
				TargetAttributes = {
					8F6B11A31EC2A1930089177F = {
						CreatedOnToolsVersion = 8.3.1;
						DevelopmentTeam = 4U8M5497ZW;
						ProvisioningStyle = Automatic;
					};
					8F6B11BC1EC2A1930089177F = {
						CreatedOnToolsVersion = 8.3.1;
						DevelopmentTeam = 4U8M5497ZW;
						ProvisioningStyle = Automatic;
						TestTargetID = 8F6B11A31EC2A1930089177F;
					};
					8F6B11C71EC2A1930089177F = {
						CreatedOnToolsVersion = 8.3.1;
						DevelopmentTeam = 4U8M5497ZW;
						ProvisioningStyle = Automatic;
						TestTargetID = 8F6B11A31EC2A1930089177F;
					};
				};
			};
			buildConfigurationList = 8F6B119F1EC2A1930089177F /* Build configuration list for PBXProject "XRHWaveView" */;
			compatibilityVersion = "Xcode 3.2";
			developmentRegion = English;
			hasScannedForEncodings = 0;
			knownRegions = (
				en,
				Base,
			);
			mainGroup = 8F6B119B1EC2A1930089177F;
			productRefGroup = 8F6B11A51EC2A1930089177F /* Products */;
			projectDirPath = "";
			projectRoot = "";
			targets = (
				8F6B11A31EC2A1930089177F /* XRHWaveView */,
				8F6B11BC1EC2A1930089177F /* XRHWaveViewTests */,
				8F6B11C71EC2A1930089177F /* XRHWaveViewUITests */,
			);
		};
/* End PBXProject section */

/* Begin PBXResourcesBuildPhase section */
		8F6B11A21EC2A1930089177F /* Resources */ = {
			isa = PBXResourcesBuildPhase;
			buildActionMask = 2147483647;
			files = (
				8F6B11B71EC2A1930089177F /* LaunchScreen.storyboard in Resources */,
				8F6B11B41EC2A1930089177F /* Assets.xcassets in Resources */,
				8F6B11B21EC2A1930089177F /* Main.storyboard in Resources */,
			);
			runOnlyForDeploymentPostprocessing = 0;
		};
		8F6B11BB1EC2A1930089177F /* Resources */ = {
			isa = PBXResourcesBuildPhase;
			buildActionMask = 2147483647;
			files = (
			);
			runOnlyForDeploymentPostprocessing = 0;
		};
		8F6B11C61EC2A1930089177F /* Resources */ = {
			isa = PBXResourcesBuildPhase;
			buildActionMask = 2147483647;
			files = (
			);
			runOnlyForDeploymentPostprocessing = 0;
		};
/* End PBXResourcesBuildPhase section */

/* Begin PBXSourcesBuildPhase section */
		8F6B11A01EC2A1930089177F /* Sources */ = {
			isa = PBXSourcesBuildPhase;
			buildActionMask = 2147483647;
			files = (
				8F6B11AF1EC2A1930089177F /* ViewController.m in Sources */,
				8F6B11AC1EC2A1930089177F /* AppDelegate.m in Sources */,
				8F6B11A91EC2A1930089177F /* main.m in Sources */,
				8F6B11DC1EC2A1C30089177F /* WaveView.m in Sources */,
			);
			runOnlyForDeploymentPostprocessing = 0;
		};
		8F6B11B91EC2A1930089177F /* Sources */ = {
			isa = PBXSourcesBuildPhase;
			buildActionMask = 2147483647;
			files = (
				8F6B11C21EC2A1930089177F /* XRHWaveViewTests.m in Sources */,
			);
			runOnlyForDeploymentPostprocessing = 0;
		};
		8F6B11C41EC2A1930089177F /* Sources */ = {
			isa = PBXSourcesBuildPhase;
			buildActionMask = 2147483647;
			files = (
				8F6B11CD1EC2A1930089177F /* XRHWaveViewUITests.m in Sources */,
			);
			runOnlyForDeploymentPostprocessing = 0;
		};
/* End PBXSourcesBuildPhase section */

/* Begin PBXTargetDependency section */
		8F6B11BF1EC2A1930089177F /* PBXTargetDependency */ = {
			isa = PBXTargetDependency;
			target = 8F6B11A31EC2A1930089177F /* XRHWaveView */;
			targetProxy = 8F6B11BE1EC2A1930089177F /* PBXContainerItemProxy */;
		};
		8F6B11CA1EC2A1930089177F /* PBXTargetDependency */ = {
			isa = PBXTargetDependency;
			target = 8F6B11A31EC2A1930089177F /* XRHWaveView */;
			targetProxy = 8F6B11C91EC2A1930089177F /* PBXContainerItemProxy */;
		};
/* End PBXTargetDependency section */

/* Begin PBXVariantGroup section */
		8F6B11B01EC2A1930089177F /* Main.storyboard */ = {
			isa = PBXVariantGroup;
			children = (
				8F6B11B11EC2A1930089177F /* Base */,
			);
			name = Main.storyboard;
			sourceTree = "<group>";
		};
		8F6B11B51EC2A1930089177F /* LaunchScreen.storyboard */ = {
			isa = PBXVariantGroup;
			children = (
				8F6B11B61EC2A1930089177F /* Base */,
			);
			name = LaunchScreen.storyboard;
			sourceTree = "<group>";
		};
/* End PBXVariantGroup section */

/* Begin XCBuildConfiguration section */
		8F6B11CF1EC2A1930089177F /* Debug */ = {
			isa = XCBuildConfiguration;
			buildSettings = {
				ALWAYS_SEARCH_USER_PATHS = NO;
				CLANG_ANALYZER_NONNULL = YES;
				CLANG_ANALYZER_NUMBER_OBJECT_CONVERSION = YES_AGGRESSIVE;
				CLANG_CXX_LANGUAGE_STANDARD = "gnu++0x";
				CLANG_CXX_LIBRARY = "libc++";
				CLANG_ENABLE_MODULES = YES;
				CLANG_ENABLE_OBJC_ARC = YES;
				CLANG_WARN_BOOL_CONVERSION = YES;
				CLANG_WARN_CONSTANT_CONVERSION = YES;
				CLANG_WARN_DIRECT_OBJC_ISA_USAGE = YES_ERROR;
				CLANG_WARN_DOCUMENTATION_COMMENTS = YES;
				CLANG_WARN_EMPTY_BODY = YES;
				CLANG_WARN_ENUM_CONVERSION = YES;
				CLANG_WARN_INFINITE_RECURSION = YES;
				CLANG_WARN_INT_CONVERSION = YES;
				CLANG_WARN_OBJC_ROOT_CLASS = YES_ERROR;
				CLANG_WARN_SUSPICIOUS_MOVE = YES;
				CLANG_WARN_UNREACHABLE_CODE = YES;
				CLANG_WARN__DUPLICATE_METHOD_MATCH = YES;
				"CODE_SIGN_IDENTITY[sdk=iphoneos*]" = "iPhone Developer";
				COPY_PHASE_STRIP = NO;
				DEBUG_INFORMATION_FORMAT = dwarf;
				ENABLE_STRICT_OBJC_MSGSEND = YES;
				ENABLE_TESTABILITY = YES;
				GCC_C_LANGUAGE_STANDARD = gnu99;
				GCC_DYNAMIC_NO_PIC = NO;
				GCC_NO_COMMON_BLOCKS = YES;
				GCC_OPTIMIZATION_LEVEL = 0;
				GCC_PREPROCESSOR_DEFINITIONS = (
					"DEBUG=1",
					"$(inherited)",
				);
				GCC_WARN_64_TO_32_BIT_CONVERSION = YES;
				GCC_WARN_ABOUT_RETURN_TYPE = YES_ERROR;
				GCC_WARN_UNDECLARED_SELECTOR = YES;
				GCC_WARN_UNINITIALIZED_AUTOS = YES_AGGRESSIVE;
				GCC_WARN_UNUSED_FUNCTION = YES;
				GCC_WARN_UNUSED_VARIABLE = YES;
				IPHONEOS_DEPLOYMENT_TARGET = 10.3;
				MTL_ENABLE_DEBUG_INFO = YES;
				ONLY_ACTIVE_ARCH = YES;
				SDKROOT = iphoneos;
				TARGETED_DEVICE_FAMILY = "1,2";
			};
			name = Debug;
		};
		8F6B11D01EC2A1930089177F /* Release */ = {
			isa = XCBuildConfiguration;
			buildSettings = {
				ALWAYS_SEARCH_USER_PATHS = NO;
				CLANG_ANALYZER_NONNULL = YES;
				CLANG_ANALYZER_NUMBER_OBJECT_CONVERSION = YES_AGGRESSIVE;
				CLANG_CXX_LANGUAGE_STANDARD = "gnu++0x";
				CLANG_CXX_LIBRARY = "libc++";
				CLANG_ENABLE_MODULES = YES;
				CLANG_ENABLE_OBJC_ARC = YES;
				CLANG_WARN_BOOL_CONVERSION = YES;
				CLANG_WARN_CONSTANT_CONVERSION = YES;
				CLANG_WARN_DIRECT_OBJC_ISA_USAGE = YES_ERROR;
				CLANG_WARN_DOCUMENTATION_COMMENTS = YES;
				CLANG_WARN_EMPTY_BODY = YES;
				CLANG_WARN_ENUM_CONVERSION = YES;
				CLANG_WARN_INFINITE_RECURSION = YES;
				CLANG_WARN_INT_CONVERSION = YES;
				CLANG_WARN_OBJC_ROOT_CLASS = YES_ERROR;
				CLANG_WARN_SUSPICIOUS_MOVE = YES;
				CLANG_WARN_UNREACHABLE_CODE = YES;
				CLANG_WARN__DUPLICATE_METHOD_MATCH = YES;
				"CODE_SIGN_IDENTITY[sdk=iphoneos*]" = "iPhone Developer";
				COPY_PHASE_STRIP = NO;
				DEBUG_INFORMATION_FORMAT = "dwarf-with-dsym";
				ENABLE_NS_ASSERTIONS = NO;
				ENABLE_STRICT_OBJC_MSGSEND = YES;
				GCC_C_LANGUAGE_STANDARD = gnu99;
				GCC_NO_COMMON_BLOCKS = YES;
				GCC_WARN_64_TO_32_BIT_CONVERSION = YES;
				GCC_WARN_ABOUT_RETURN_TYPE = YES_ERROR;
				GCC_WARN_UNDECLARED_SELECTOR = YES;
				GCC_WARN_UNINITIALIZED_AUTOS = YES_AGGRESSIVE;
				GCC_WARN_UNUSED_FUNCTION = YES;
				GCC_WARN_UNUSED_VARIABLE = YES;
				IPHONEOS_DEPLOYMENT_TARGET = 10.3;
				MTL_ENABLE_DEBUG_INFO = NO;
				SDKROOT = iphoneos;
				TARGETED_DEVICE_FAMILY = "1,2";
				VALIDATE_PRODUCT = YES;
			};
			name = Release;
		};
		8F6B11D21EC2A1930089177F /* Debug */ = {
			isa = XCBuildConfiguration;
			buildSettings = {
				ASSETCATALOG_COMPILER_APPICON_NAME = AppIcon;
				DEVELOPMENT_TEAM = 4U8M5497ZW;
				INFOPLIST_FILE = XRHWaveView/Info.plist;
				LD_RUNPATH_SEARCH_PATHS = "$(inherited) @executable_path/Frameworks";
				PRODUCT_BUNDLE_IDENTIFIER = XRH.XRHWaveView;
				PRODUCT_NAME = "$(TARGET_NAME)";
			};
			name = Debug;
		};
		8F6B11D31EC2A1930089177F /* Release */ = {
			isa = XCBuildConfiguration;
			buildSettings = {
				ASSETCATALOG_COMPILER_APPICON_NAME = AppIcon;
				DEVELOPMENT_TEAM = 4U8M5497ZW;
				INFOPLIST_FILE = XRHWaveView/Info.plist;
				LD_RUNPATH_SEARCH_PATHS = "$(inherited) @executable_path/Frameworks";
				PRODUCT_BUNDLE_IDENTIFIER = XRH.XRHWaveView;
				PRODUCT_NAME = "$(TARGET_NAME)";
			};
			name = Release;
		};
		8F6B11D51EC2A1930089177F /* Debug */ = {
			isa = XCBuildConfiguration;
			buildSettings = {
				BUNDLE_LOADER = "$(TEST_HOST)";
				DEVELOPMENT_TEAM = 4U8M5497ZW;
				INFOPLIST_FILE = XRHWaveViewTests/Info.plist;
				LD_RUNPATH_SEARCH_PATHS = "$(inherited) @executable_path/Frameworks @loader_path/Frameworks";
				PRODUCT_BUNDLE_IDENTIFIER = XRH.XRHWaveViewTests;
				PRODUCT_NAME = "$(TARGET_NAME)";
				TEST_HOST = "$(BUILT_PRODUCTS_DIR)/XRHWaveView.app/XRHWaveView";
			};
			name = Debug;
		};
		8F6B11D61EC2A1930089177F /* Release */ = {
			isa = XCBuildConfiguration;
			buildSettings = {
				BUNDLE_LOADER = "$(TEST_HOST)";
				DEVELOPMENT_TEAM = 4U8M5497ZW;
				INFOPLIST_FILE = XRHWaveViewTests/Info.plist;
				LD_RUNPATH_SEARCH_PATHS = "$(inherited) @executable_path/Frameworks @loader_path/Frameworks";
				PRODUCT_BUNDLE_IDENTIFIER = XRH.XRHWaveViewTests;
				PRODUCT_NAME = "$(TARGET_NAME)";
				TEST_HOST = "$(BUILT_PRODUCTS_DIR)/XRHWaveView.app/XRHWaveView";
			};
			name = Release;
		};
		8F6B11D81EC2A1930089177F /* Debug */ = {
			isa = XCBuildConfiguration;
			buildSettings = {
				DEVELOPMENT_TEAM = 4U8M5497ZW;
				INFOPLIST_FILE = XRHWaveViewUITests/Info.plist;
				LD_RUNPATH_SEARCH_PATHS = "$(inherited) @executable_path/Frameworks @loader_path/Frameworks";
				PRODUCT_BUNDLE_IDENTIFIER = XRH.XRHWaveViewUITests;
				PRODUCT_NAME = "$(TARGET_NAME)";
				TEST_TARGET_NAME = XRHWaveView;
			};
			name = Debug;
		};
		8F6B11D91EC2A1930089177F /* Release */ = {
			isa = XCBuildConfiguration;
			buildSettings = {
				DEVELOPMENT_TEAM = 4U8M5497ZW;
				INFOPLIST_FILE = XRHWaveViewUITests/Info.plist;
				LD_RUNPATH_SEARCH_PATHS = "$(inherited) @executable_path/Frameworks @loader_path/Frameworks";
				PRODUCT_BUNDLE_IDENTIFIER = XRH.XRHWaveViewUITests;
				PRODUCT_NAME = "$(TARGET_NAME)";
				TEST_TARGET_NAME = XRHWaveView;
			};
			name = Release;
		};
/* End XCBuildConfiguration section */

/* Begin XCConfigurationList section */
		8F6B119F1EC2A1930089177F /* Build configuration list for PBXProject "XRHWaveView" */ = {
			isa = XCConfigurationList;
			buildConfigurations = (
				8F6B11CF1EC2A1930089177F /* Debug */,
				8F6B11D01EC2A1930089177F /* Release */,
			);
			defaultConfigurationIsVisible = 0;
			defaultConfigurationName = Release;
		};
		8F6B11D11EC2A1930089177F /* Build configuration list for PBXNativeTarget "XRHWaveView" */ = {
			isa = XCConfigurationList;
			buildConfigurations = (
				8F6B11D21EC2A1930089177F /* Debug */,
				8F6B11D31EC2A1930089177F /* Release */,
			);
			defaultConfigurationIsVisible = 0;
		};
		8F6B11D41EC2A1930089177F /* Build configuration list for PBXNativeTarget "XRHWaveViewTests" */ = {
			isa = XCConfigurationList;
			buildConfigurations = (
				8F6B11D51EC2A1930089177F /* Debug */,
				8F6B11D61EC2A1930089177F /* Release */,
			);
			defaultConfigurationIsVisible = 0;
		};
		8F6B11D71EC2A1930089177F /* Build configuration list for PBXNativeTarget "XRHWaveViewUITests" */ = {
			isa = XCConfigurationList;
			buildConfigurations = (
				8F6B11D81EC2A1930089177F /* Debug */,
				8F6B11D91EC2A1930089177F /* Release */,
			);
			defaultConfigurationIsVisible = 0;
		};
/* End XCConfigurationList section */
	};
	rootObject = 8F6B119C1EC2A1930089177F /* Project object */;
}
